// !$*UTF8*$!
{
	archiveVersion = 1;
	classes = {
	};
	objectVersion = 50;
	objects = {

/* Begin PBXBuildFile section */
		B951E3FD26A278BF0057C2EA /* AppDelegate.swift in Sources */ = {isa = PBXBuildFile; fileRef = B951E3FC26A278BF0057C2EA /* AppDelegate.swift */; };
		B951E3FF26A278BF0057C2EA /* SceneDelegate.swift in Sources */ = {isa = PBXBuildFile; fileRef = B951E3FE26A278BF0057C2EA /* SceneDelegate.swift */; };
		B951E40426A278BF0057C2EA /* Main.storyboard in Resources */ = {isa = PBXBuildFile; fileRef = B951E40226A278BF0057C2EA /* Main.storyboard */; };
		B951E40726A278BF0057C2EA /* MyMemory.xcdatamodeld in Sources */ = {isa = PBXBuildFile; fileRef = B951E40526A278BF0057C2EA /* MyMemory.xcdatamodeld */; };
		B951E40926A278C10057C2EA /* Assets.xcassets in Resources */ = {isa = PBXBuildFile; fileRef = B951E40826A278C10057C2EA /* Assets.xcassets */; };
		B951E40C26A278C10057C2EA /* LaunchScreen.storyboard in Resources */ = {isa = PBXBuildFile; fileRef = B951E40A26A278C10057C2EA /* LaunchScreen.storyboard */; };
		B951E41726A278C10057C2EA /* MyMemoryTests.swift in Sources */ = {isa = PBXBuildFile; fileRef = B951E41626A278C10057C2EA /* MyMemoryTests.swift */; };
		B951E42226A278C20057C2EA /* MyMemoryUITests.swift in Sources */ = {isa = PBXBuildFile; fileRef = B951E42126A278C20057C2EA /* MyMemoryUITests.swift */; };
/* End PBXBuildFile section */

/* Begin PBXContainerItemProxy section */
		B951E41326A278C10057C2EA /* PBXContainerItemProxy */ = {
			isa = PBXContainerItemProxy;
			containerPortal = B951E3F126A278BF0057C2EA /* Project object */;
			proxyType = 1;
			remoteGlobalIDString = B951E3F826A278BF0057C2EA;
			remoteInfo = MyMemory;
		};
		B951E41E26A278C20057C2EA /* PBXContainerItemProxy */ = {
			isa = PBXContainerItemProxy;
			containerPortal = B951E3F126A278BF0057C2EA /* Project object */;
			proxyType = 1;
			remoteGlobalIDString = B951E3F826A278BF0057C2EA;
			remoteInfo = MyMemory;
		};
/* End PBXContainerItemProxy section */

/* Begin PBXFileReference section */
		B951E3F926A278BF0057C2EA /* MyMemory.app */ = {isa = PBXFileReference; explicitFileType = wrapper.application; includeInIndex = 0; path = MyMemory.app; sourceTree = BUILT_PRODUCTS_DIR; };
		B951E3FC26A278BF0057C2EA /* AppDelegate.swift */ = {isa = PBXFileReference; lastKnownFileType = sourcecode.swift; path = AppDelegate.swift; sourceTree = "<group>"; };
		B951E3FE26A278BF0057C2EA /* SceneDelegate.swift */ = {isa = PBXFileReference; lastKnownFileType = sourcecode.swift; path = SceneDelegate.swift; sourceTree = "<group>"; };
		B951E40326A278BF0057C2EA /* Base */ = {isa = PBXFileReference; lastKnownFileType = file.storyboard; name = Base; path = Base.lproj/Main.storyboard; sourceTree = "<group>"; };
		B951E40626A278BF0057C2EA /* MyMemory.xcdatamodel */ = {isa = PBXFileReference; lastKnownFileType = wrapper.xcdatamodel; path = MyMemory.xcdatamodel; sourceTree = "<group>"; };
		B951E40826A278C10057C2EA /* Assets.xcassets */ = {isa = PBXFileReference; lastKnownFileType = folder.assetcatalog; path = Assets.xcassets; sourceTree = "<group>"; };
		B951E40B26A278C10057C2EA /* Base */ = {isa = PBXFileReference; lastKnownFileType = file.storyboard; name = Base; path = Base.lproj/LaunchScreen.storyboard; sourceTree = "<group>"; };
		B951E40D26A278C10057C2EA /* Info.plist */ = {isa = PBXFileReference; lastKnownFileType = text.plist.xml; path = Info.plist; sourceTree = "<group>"; };
		B951E41226A278C10057C2EA /* MyMemoryTests.xctest */ = {isa = PBXFileReference; explicitFileType = wrapper.cfbundle; includeInIndex = 0; path = MyMemoryTests.xctest; sourceTree = BUILT_PRODUCTS_DIR; };
		B951E41626A278C10057C2EA /* MyMemoryTests.swift */ = {isa = PBXFileReference; lastKnownFileType = sourcecode.swift; path = MyMemoryTests.swift; sourceTree = "<group>"; };
		B951E41826A278C10057C2EA /* Info.plist */ = {isa = PBXFileReference; lastKnownFileType = text.plist.xml; path = Info.plist; sourceTree = "<group>"; };
		B951E41D26A278C20057C2EA /* MyMemoryUITests.xctest */ = {isa = PBXFileReference; explicitFileType = wrapper.cfbundle; includeInIndex = 0; path = MyMemoryUITests.xctest; sourceTree = BUILT_PRODUCTS_DIR; };
		B951E42126A278C20057C2EA /* MyMemoryUITests.swift */ = {isa = PBXFileReference; lastKnownFileType = sourcecode.swift; path = MyMemoryUITests.swift; sourceTree = "<group>"; };
		B951E42326A278C20057C2EA /* Info.plist */ = {isa = PBXFileReference; lastKnownFileType = text.plist.xml; path = Info.plist; sourceTree = "<group>"; };
/* End PBXFileReference section */

/* Begin PBXFrameworksBuildPhase section */
		B951E3F626A278BF0057C2EA /* Frameworks */ = {
			isa = PBXFrameworksBuildPhase;
			buildActionMask = 2147483647;
			files = (
			);
			runOnlyForDeploymentPostprocessing = 0;
		};
		B951E40F26A278C10057C2EA /* Frameworks */ = {
			isa = PBXFrameworksBuildPhase;
			buildActionMask = 2147483647;
			files = (
			);
			runOnlyForDeploymentPostprocessing = 0;
		};
		B951E41A26A278C20057C2EA /* Frameworks */ = {
			isa = PBXFrameworksBuildPhase;
			buildActionMask = 2147483647;
			files = (
			);
			runOnlyForDeploymentPostprocessing = 0;
		};
/* End PBXFrameworksBuildPhase section */

/* Begin PBXGroup section */
		B951E3F026A278BF0057C2EA = {
			isa = PBXGroup;
			children = (
				B951E3FB26A278BF0057C2EA /* MyMemory */,
				B951E41526A278C10057C2EA /* MyMemoryTests */,
				B951E42026A278C20057C2EA /* MyMemoryUITests */,
				B951E3FA26A278BF0057C2EA /* Products */,
			);
			sourceTree = "<group>";
		};
		B951E3FA26A278BF0057C2EA /* Products */ = {
			isa = PBXGroup;
			children = (
				B951E3F926A278BF0057C2EA /* MyMemory.app */,
				B951E41226A278C10057C2EA /* MyMemoryTests.xctest */,
				B951E41D26A278C20057C2EA /* MyMemoryUITests.xctest */,
			);
			name = Products;
			sourceTree = "<group>";
		};
		B951E3FB26A278BF0057C2EA /* MyMemory */ = {
			isa = PBXGroup;
			children = (
				B951E3FC26A278BF0057C2EA /* AppDelegate.swift */,
				B951E3FE26A278BF0057C2EA /* SceneDelegate.swift */,
				B951E40226A278BF0057C2EA /* Main.storyboard */,
				B951E40826A278C10057C2EA /* Assets.xcassets */,
				B951E40A26A278C10057C2EA /* LaunchScreen.storyboard */,
				B951E40D26A278C10057C2EA /* Info.plist */,
				B951E40526A278BF0057C2EA /* MyMemory.xcdatamodeld */,
			);
			path = MyMemory;
			sourceTree = "<group>";
		};
		B951E41526A278C10057C2EA /* MyMemoryTests */ = {
			isa = PBXGroup;
			children = (
				B951E41626A278C10057C2EA /* MyMemoryTests.swift */,
				B951E41826A278C10057C2EA /* Info.plist */,
			);
			path = MyMemoryTests;
			sourceTree = "<group>";
		};
		B951E42026A278C20057C2EA /* MyMemoryUITests */ = {
			isa = PBXGroup;
			children = (
				B951E42126A278C20057C2EA /* MyMemoryUITests.swift */,
				B951E42326A278C20057C2EA /* Info.plist */,
			);
			path = MyMemoryUITests;
			sourceTree = "<group>";
		};
/* End PBXGroup section */

/* Begin PBXNativeTarget section */
		B951E3F826A278BF0057C2EA /* MyMemory */ = {
			isa = PBXNativeTarget;
			buildConfigurationList = B951E42626A278C20057C2EA /* Build configuration list for PBXNativeTarget "MyMemory" */;
			buildPhases = (
				B951E3F526A278BF0057C2EA /* Sources */,
				B951E3F626A278BF0057C2EA /* Frameworks */,
				B951E3F726A278BF0057C2EA /* Resources */,
			);
			buildRules = (
			);
			dependencies = (
			);
			name = MyMemory;
			productName = MyMemory;
			productReference = B951E3F926A278BF0057C2EA /* MyMemory.app */;
			productType = "com.apple.product-type.application";
		};
		B951E41126A278C10057C2EA /* MyMemoryTests */ = {
			isa = PBXNativeTarget;
			buildConfigurationList = B951E42926A278C20057C2EA /* Build configuration list for PBXNativeTarget "MyMemoryTests" */;
			buildPhases = (
				B951E40E26A278C10057C2EA /* Sources */,
				B951E40F26A278C10057C2EA /* Frameworks */,
				B951E41026A278C10057C2EA /* Resources */,
			);
			buildRules = (
			);
			dependencies = (
				B951E41426A278C10057C2EA /* PBXTargetDependency */,
			);
			name = MyMemoryTests;
			productName = MyMemoryTests;
			productReference = B951E41226A278C10057C2EA /* MyMemoryTests.xctest */;
			productType = "com.apple.product-type.bundle.unit-test";
		};
		B951E41C26A278C20057C2EA /* MyMemoryUITests */ = {
			isa = PBXNativeTarget;
			buildConfigurationList = B951E42C26A278C20057C2EA /* Build configuration list for PBXNativeTarget "MyMemoryUITests" */;
			buildPhases = (
				B951E41926A278C20057C2EA /* Sources */,
				B951E41A26A278C20057C2EA /* Frameworks */,
				B951E41B26A278C20057C2EA /* Resources */,
			);
			buildRules = (
			);
			dependencies = (
				B951E41F26A278C20057C2EA /* PBXTargetDependency */,
			);
			name = MyMemoryUITests;
			productName = MyMemoryUITests;
			productReference = B951E41D26A278C20057C2EA /* MyMemoryUITests.xctest */;
			productType = "com.apple.product-type.bundle.ui-testing";
		};
/* End PBXNativeTarget section */

/* Begin PBXProject section */
		B951E3F126A278BF0057C2EA /* Project object */ = {
			isa = PBXProject;
			attributes = {
				LastSwiftUpdateCheck = 1240;
				LastUpgradeCheck = 1240;
				TargetAttributes = {
					B951E3F826A278BF0057C2EA = {
						CreatedOnToolsVersion = 12.4;
					};
					B951E41126A278C10057C2EA = {
						CreatedOnToolsVersion = 12.4;
						TestTargetID = B951E3F826A278BF0057C2EA;
					};
					B951E41C26A278C20057C2EA = {
						CreatedOnToolsVersion = 12.4;
						TestTargetID = B951E3F826A278BF0057C2EA;
					};
				};
			};
			buildConfigurationList = B951E3F426A278BF0057C2EA /* Build configuration list for PBXProject "MyMemory" */;
			compatibilityVersion = "Xcode 9.3";
			developmentRegion = en;
			hasScannedForEncodings = 0;
			knownRegions = (
				en,
				Base,
			);
			mainGroup = B951E3F026A278BF0057C2EA;
			productRefGroup = B951E3FA26A278BF0057C2EA /* Products */;
			projectDirPath = "";
			projectRoot = "";
			targets = (
				B951E3F826A278BF0057C2EA /* MyMemory */,
				B951E41126A278C10057C2EA /* MyMemoryTests */,
				B951E41C26A278C20057C2EA /* MyMemoryUITests */,
			);
		};
/* End PBXProject section */

/* Begin PBXResourcesBuildPhase section */
		B951E3F726A278BF0057C2EA /* Resources */ = {
			isa = PBXResourcesBuildPhase;
			buildActionMask = 2147483647;
			files = (
				B951E40C26A278C10057C2EA /* LaunchScreen.storyboard in Resources */,
				B951E40926A278C10057C2EA /* Assets.xcassets in Resources */,
				B951E40426A278BF0057C2EA /* Main.storyboard in Resources */,
			);
			runOnlyForDeploymentPostprocessing = 0;
		};
		B951E41026A278C10057C2EA /* Resources */ = {
			isa = PBXResourcesBuildPhase;
			buildActionMask = 2147483647;
			files = (
			);
			runOnlyForDeploymentPostprocessing = 0;
		};
		B951E41B26A278C20057C2EA /* Resources */ = {
			isa = PBXResourcesBuildPhase;
			buildActionMask = 2147483647;
			files = (
			);
			runOnlyForDeploymentPostprocessing = 0;
		};
/* End PBXResourcesBuildPhase section */

/* Begin PBXSourcesBuildPhase section */
		B951E3F526A278BF0057C2EA /* Sources */ = {
			isa = PBXSourcesBuildPhase;
			buildActionMask = 2147483647;
			files = (
				B951E40726A278BF0057C2EA /* MyMemory.xcdatamodeld in Sources */,
				B951E3FD26A278BF0057C2EA /* AppDelegate.swift in Sources */,
				B951E3FF26A278BF0057C2EA /* SceneDelegate.swift in Sources */,
			);
			runOnlyForDeploymentPostprocessing = 0;
		};
		B951E40E26A278C10057C2EA /* Sources */ = {
			isa = PBXSourcesBuildPhase;
			buildActionMask = 2147483647;
			files = (
				B951E41726A278C10057C2EA /* MyMemoryTests.swift in Sources */,
			);
			runOnlyForDeploymentPostprocessing = 0;
		};
		B951E41926A278C20057C2EA /* Sources */ = {
			isa = PBXSourcesBuildPhase;
			buildActionMask = 2147483647;
			files = (
				B951E42226A278C20057C2EA /* MyMemoryUITests.swift in Sources */,
			);
			runOnlyForDeploymentPostprocessing = 0;
		};
/* End PBXSourcesBuildPhase section */

/* Begin PBXTargetDependency section */
		B951E41426A278C10057C2EA /* PBXTargetDependency */ = {
			isa = PBXTargetDependency;
			target = B951E3F826A278BF0057C2EA /* MyMemory */;
			targetProxy = B951E41326A278C10057C2EA /* PBXContainerItemProxy */;
		};
		B951E41F26A278C20057C2EA /* PBXTargetDependency */ = {
			isa = PBXTargetDependency;
			target = B951E3F826A278BF0057C2EA /* MyMemory */;
			targetProxy = B951E41E26A278C20057C2EA /* PBXContainerItemProxy */;
		};
/* End PBXTargetDependency section */

/* Begin PBXVariantGroup section */
		B951E40226A278BF0057C2EA /* Main.storyboard */ = {
			isa = PBXVariantGroup;
			children = (
				B951E40326A278BF0057C2EA /* Base */,
			);
			name = Main.storyboard;
			sourceTree = "<group>";
		};
		B951E40A26A278C10057C2EA /* LaunchScreen.storyboard */ = {
			isa = PBXVariantGroup;
			children = (
				B951E40B26A278C10057C2EA /* Base */,
			);
			name = LaunchScreen.storyboard;
			sourceTree = "<group>";
		};
/* End PBXVariantGroup section */

/* Begin XCBuildConfiguration section */
		B951E42426A278C20057C2EA /* Debug */ = {
			isa = XCBuildConfiguration;
			buildSettings = {
				ALWAYS_SEARCH_USER_PATHS = NO;
				CLANG_ANALYZER_NONNULL = YES;
				CLANG_ANALYZER_NUMBER_OBJECT_CONVERSION = YES_AGGRESSIVE;
				CLANG_CXX_LANGUAGE_STANDARD = "gnu++14";
				CLANG_CXX_LIBRARY = "libc++";
				CLANG_ENABLE_MODULES = YES;
				CLANG_ENABLE_OBJC_ARC = YES;
				CLANG_ENABLE_OBJC_WEAK = YES;
				CLANG_WARN_BLOCK_CAPTURE_AUTORELEASING = YES;
				CLANG_WARN_BOOL_CONVERSION = YES;
				CLANG_WARN_COMMA = YES;
				CLANG_WARN_CONSTANT_CONVERSION = YES;
				CLANG_WARN_DEPRECATED_OBJC_IMPLEMENTATIONS = YES;
				CLANG_WARN_DIRECT_OBJC_ISA_USAGE = YES_ERROR;
				CLANG_WARN_DOCUMENTATION_COMMENTS = YES;
				CLANG_WARN_EMPTY_BODY = YES;
				CLANG_WARN_ENUM_CONVERSION = YES;
				CLANG_WARN_INFINITE_RECURSION = YES;
				CLANG_WARN_INT_CONVERSION = YES;
				CLANG_WARN_NON_LITERAL_NULL_CONVERSION = YES;
				CLANG_WARN_OBJC_IMPLICIT_RETAIN_SELF = YES;
				CLANG_WARN_OBJC_LITERAL_CONVERSION = YES;
				CLANG_WARN_OBJC_ROOT_CLASS = YES_ERROR;
				CLANG_WARN_QUOTED_INCLUDE_IN_FRAMEWORK_HEADER = YES;
				CLANG_WARN_RANGE_LOOP_ANALYSIS = YES;
				CLANG_WARN_STRICT_PROTOTYPES = YES;
				CLANG_WARN_SUSPICIOUS_MOVE = YES;
				CLANG_WARN_UNGUARDED_AVAILABILITY = YES_AGGRESSIVE;
				CLANG_WARN_UNREACHABLE_CODE = YES;
				CLANG_WARN__DUPLICATE_METHOD_MATCH = YES;
				COPY_PHASE_STRIP = NO;
				DEBUG_INFORMATION_FORMAT = dwarf;
				ENABLE_STRICT_OBJC_MSGSEND = YES;
				ENABLE_TESTABILITY = YES;
				GCC_C_LANGUAGE_STANDARD = gnu11;
				GCC_DYNAMIC_NO_PIC = NO;
				GCC_NO_COMMON_BLOCKS = YES;
				GCC_OPTIMIZATION_LEVEL = 0;
				GCC_PREPROCESSOR_DEFINITIONS = (
					"DEBUG=1",
					"$(inherited)",
				);
				GCC_WARN_64_TO_32_BIT_CONVERSION = YES;
				GCC_WARN_ABOUT_RETURN_TYPE = YES_ERROR;
				GCC_WARN_UNDECLARED_SELECTOR = YES;
				GCC_WARN_UNINITIALIZED_AUTOS = YES_AGGRESSIVE;
				GCC_WARN_UNUSED_FUNCTION = YES;
				GCC_WARN_UNUSED_VARIABLE = YES;
				IPHONEOS_DEPLOYMENT_TARGET = 14.4;
				MTL_ENABLE_DEBUG_INFO = INCLUDE_SOURCE;
				MTL_FAST_MATH = YES;
				ONLY_ACTIVE_ARCH = YES;
				SDKROOT = iphoneos;
				SWIFT_ACTIVE_COMPILATION_CONDITIONS = DEBUG;
				SWIFT_OPTIMIZATION_LEVEL = "-Onone";
			};
			name = Debug;
		};
		B951E42526A278C20057C2EA /* Release */ = {
			isa = XCBuildConfiguration;
			buildSettings = {
				ALWAYS_SEARCH_USER_PATHS = NO;
				CLANG_ANALYZER_NONNULL = YES;
				CLANG_ANALYZER_NUMBER_OBJECT_CONVERSION = YES_AGGRESSIVE;
				CLANG_CXX_LANGUAGE_STANDARD = "gnu++14";
				CLANG_CXX_LIBRARY = "libc++";
				CLANG_ENABLE_MODULES = YES;
				CLANG_ENABLE_OBJC_ARC = YES;
				CLANG_ENABLE_OBJC_WEAK = YES;
				CLANG_WARN_BLOCK_CAPTURE_AUTORELEASING = YES;
				CLANG_WARN_BOOL_CONVERSION = YES;
				CLANG_WARN_COMMA = YES;
				CLANG_WARN_CONSTANT_CONVERSION = YES;
				CLANG_WARN_DEPRECATED_OBJC_IMPLEMENTATIONS = YES;
				CLANG_WARN_DIRECT_OBJC_ISA_USAGE = YES_ERROR;
				CLANG_WARN_DOCUMENTATION_COMMENTS = YES;
				CLANG_WARN_EMPTY_BODY = YES;
				CLANG_WARN_ENUM_CONVERSION = YES;
				CLANG_WARN_INFINITE_RECURSION = YES;
				CLANG_WARN_INT_CONVERSION = YES;
				CLANG_WARN_NON_LITERAL_NULL_CONVERSION = YES;
				CLANG_WARN_OBJC_IMPLICIT_RETAIN_SELF = YES;
				CLANG_WARN_OBJC_LITERAL_CONVERSION = YES;
				CLANG_WARN_OBJC_ROOT_CLASS = YES_ERROR;
				CLANG_WARN_QUOTED_INCLUDE_IN_FRAMEWORK_HEADER = YES;
				CLANG_WARN_RANGE_LOOP_ANALYSIS = YES;
				CLANG_WARN_STRICT_PROTOTYPES = YES;
				CLANG_WARN_SUSPICIOUS_MOVE = YES;
				CLANG_WARN_UNGUARDED_AVAILABILITY = YES_AGGRESSIVE;
				CLANG_WARN_UNREACHABLE_CODE = YES;
				CLANG_WARN__DUPLICATE_METHOD_MATCH = YES;
				COPY_PHASE_STRIP = NO;
				DEBUG_INFORMATION_FORMAT = "dwarf-with-dsym";
				ENABLE_NS_ASSERTIONS = NO;
				ENABLE_STRICT_OBJC_MSGSEND = YES;
				GCC_C_LANGUAGE_STANDARD = gnu11;
				GCC_NO_COMMON_BLOCKS = YES;
				GCC_WARN_64_TO_32_BIT_CONVERSION = YES;
				GCC_WARN_ABOUT_RETURN_TYPE = YES_ERROR;
				GCC_WARN_UNDECLARED_SELECTOR = YES;
				GCC_WARN_UNINITIALIZED_AUTOS = YES_AGGRESSIVE;
				GCC_WARN_UNUSED_FUNCTION = YES;
				GCC_WARN_UNUSED_VARIABLE = YES;
				IPHONEOS_DEPLOYMENT_TARGET = 14.4;
				MTL_ENABLE_DEBUG_INFO = NO;
				MTL_FAST_MATH = YES;
				SDKROOT = iphoneos;
				SWIFT_COMPILATION_MODE = wholemodule;
				SWIFT_OPTIMIZATION_LEVEL = "-O";
				VALIDATE_PRODUCT = YES;
			};
			name = Release;
		};
		B951E42726A278C20057C2EA /* Debug */ = {
			isa = XCBuildConfiguration;
			buildSettings = {
				ASSETCATALOG_COMPILER_APPICON_NAME = AppIcon;
				ASSETCATALOG_COMPILER_GLOBAL_ACCENT_COLOR_NAME = AccentColor;
				CODE_SIGN_STYLE = Automatic;
				INFOPLIST_FILE = MyMemory/Info.plist;
				LD_RUNPATH_SEARCH_PATHS = (
					"$(inherited)",
					"@executable_path/Frameworks",
				);
				PRODUCT_BUNDLE_IDENTIFIER = com.jihwan.MyMemory;
				PRODUCT_NAME = "$(TARGET_NAME)";
				SWIFT_VERSION = 5.0;
				TARGETED_DEVICE_FAMILY = 1;
			};
			name = Debug;
		};
		B951E42826A278C20057C2EA /* Release */ = {
			isa = XCBuildConfiguration;
			buildSettings = {
				ASSETCATALOG_COMPILER_APPICON_NAME = AppIcon;
				ASSETCATALOG_COMPILER_GLOBAL_ACCENT_COLOR_NAME = AccentColor;
				CODE_SIGN_STYLE = Automatic;
				INFOPLIST_FILE = MyMemory/Info.plist;
				LD_RUNPATH_SEARCH_PATHS = (
					"$(inherited)",
					"@executable_path/Frameworks",
				);
				PRODUCT_BUNDLE_IDENTIFIER = com.jihwan.MyMemory;
				PRODUCT_NAME = "$(TARGET_NAME)";
				SWIFT_VERSION = 5.0;
				TARGETED_DEVICE_FAMILY = 1;
			};
			name = Release;
		};
		B951E42A26A278C20057C2EA /* Debug */ = {
			isa = XCBuildConfiguration;
			buildSettings = {
				ALWAYS_EMBED_SWIFT_STANDARD_LIBRARIES = YES;
				BUNDLE_LOADER = "$(TEST_HOST)";
				CODE_SIGN_STYLE = Automatic;
				INFOPLIST_FILE = MyMemoryTests/Info.plist;
				IPHONEOS_DEPLOYMENT_TARGET = 14.4;
				LD_RUNPATH_SEARCH_PATHS = (
					"$(inherited)",
					"@executable_path/Frameworks",
					"@loader_path/Frameworks",
				);
				PRODUCT_BUNDLE_IDENTIFIER = com.jihwan.MyMemoryTests;
				PRODUCT_NAME = "$(TARGET_NAME)";
				SWIFT_VERSION = 5.0;
				TARGETED_DEVICE_FAMILY = "1,2";
				TEST_HOST = "$(BUILT_PRODUCTS_DIR)/MyMemory.app/MyMemory";
			};
			name = Debug;
		};
		B951E42B26A278C20057C2EA /* Release */ = {
			isa = XCBuildConfiguration;
			buildSettings = {
				ALWAYS_EMBED_SWIFT_STANDARD_LIBRARIES = YES;
				BUNDLE_LOADER = "$(TEST_HOST)";
				CODE_SIGN_STYLE = Automatic;
				INFOPLIST_FILE = MyMemoryTests/Info.plist;
				IPHONEOS_DEPLOYMENT_TARGET = 14.4;
				LD_RUNPATH_SEARCH_PATHS = (
					"$(inherited)",
					"@executable_path/Frameworks",
					"@loader_path/Frameworks",
				);
				PRODUCT_BUNDLE_IDENTIFIER = com.jihwan.MyMemoryTests;
				PRODUCT_NAME = "$(TARGET_NAME)";
				SWIFT_VERSION = 5.0;
				TARGETED_DEVICE_FAMILY = "1,2";
				TEST_HOST = "$(BUILT_PRODUCTS_DIR)/MyMemory.app/MyMemory";
			};
			name = Release;
		};
		B951E42D26A278C20057C2EA /* Debug */ = {
			isa = XCBuildConfiguration;
			buildSettings = {
				ALWAYS_EMBED_SWIFT_STANDARD_LIBRARIES = YES;
				CODE_SIGN_STYLE = Automatic;
				INFOPLIST_FILE = MyMemoryUITests/Info.plist;
				LD_RUNPATH_SEARCH_PATHS = (
					"$(inherited)",
					"@executable_path/Frameworks",
					"@loader_path/Frameworks",
				);
				PRODUCT_BUNDLE_IDENTIFIER = com.jihwan.MyMemoryUITests;
				PRODUCT_NAME = "$(TARGET_NAME)";
				SWIFT_VERSION = 5.0;
				TARGETED_DEVICE_FAMILY = "1,2";
				TEST_TARGET_NAME = MyMemory;
			};
			name = Debug;
		};
		B951E42E26A278C20057C2EA /* Release */ = {
			isa = XCBuildConfiguration;
			buildSettings = {
				ALWAYS_EMBED_SWIFT_STANDARD_LIBRARIES = YES;
				CODE_SIGN_STYLE = Automatic;
				INFOPLIST_FILE = MyMemoryUITests/Info.plist;
				LD_RUNPATH_SEARCH_PATHS = (
					"$(inherited)",
					"@executable_path/Frameworks",
					"@loader_path/Frameworks",
				);
				PRODUCT_BUNDLE_IDENTIFIER = com.jihwan.MyMemoryUITests;
				PRODUCT_NAME = "$(TARGET_NAME)";
				SWIFT_VERSION = 5.0;
				TARGETED_DEVICE_FAMILY = "1,2";
				TEST_TARGET_NAME = MyMemory;
			};
			name = Release;
		};
/* End XCBuildConfiguration section */

/* Begin XCConfigurationList section */
		B951E3F426A278BF0057C2EA /* Build configuration list for PBXProject "MyMemory" */ = {
			isa = XCConfigurationList;
			buildConfigurations = (
				B951E42426A278C20057C2EA /* Debug */,
				B951E42526A278C20057C2EA /* Release */,
			);
			defaultConfigurationIsVisible = 0;
			defaultConfigurationName = Release;
		};
		B951E42626A278C20057C2EA /* Build configuration list for PBXNativeTarget "MyMemory" */ = {
			isa = XCConfigurationList;
			buildConfigurations = (
				B951E42726A278C20057C2EA /* Debug */,
				B951E42826A278C20057C2EA /* Release */,
			);
			defaultConfigurationIsVisible = 0;
			defaultConfigurationName = Release;
		};
		B951E42926A278C20057C2EA /* Build configuration list for PBXNativeTarget "MyMemoryTests" */ = {
			isa = XCConfigurationList;
			buildConfigurations = (
				B951E42A26A278C20057C2EA /* Debug */,
				B951E42B26A278C20057C2EA /* Release */,
			);
			defaultConfigurationIsVisible = 0;
			defaultConfigurationName = Release;
		};
		B951E42C26A278C20057C2EA /* Build configuration list for PBXNativeTarget "MyMemoryUITests" */ = {
			isa = XCConfigurationList;
			buildConfigurations = (
				B951E42D26A278C20057C2EA /* Debug */,
				B951E42E26A278C20057C2EA /* Release */,
			);
			defaultConfigurationIsVisible = 0;
			defaultConfigurationName = Release;
		};
/* End XCConfigurationList section */

/* Begin XCVersionGroup section */
		B951E40526A278BF0057C2EA /* MyMemory.xcdatamodeld */ = {
			isa = XCVersionGroup;
			children = (
				B951E40626A278BF0057C2EA /* MyMemory.xcdatamodel */,
			);
			currentVersion = B951E40626A278BF0057C2EA /* MyMemory.xcdatamodel */;
			path = MyMemory.xcdatamodeld;
			sourceTree = "<group>";
			versionGroupType = wrapper.xcdatamodel;
		};
/* End XCVersionGroup section */
	};
	rootObject = B951E3F126A278BF0057C2EA /* Project object */;
}
