// !$*UTF8*$!
{
	archiveVersion = 1;
	classes = {
	};
	objectVersion = 50;
	objects = {

/* Begin PBXBuildFile section */
		B925CB31274FA0F200E3B256 /* AppDelegate.swift in Sources */ = {isa = PBXBuildFile; fileRef = B925CB30274FA0F200E3B256 /* AppDelegate.swift */; };
		B925CB33274FA0F200E3B256 /* SceneDelegate.swift in Sources */ = {isa = PBXBuildFile; fileRef = B925CB32274FA0F200E3B256 /* SceneDelegate.swift */; };
		B925CB35274FA0F200E3B256 /* ViewController.swift in Sources */ = {isa = PBXBuildFile; fileRef = B925CB34274FA0F200E3B256 /* ViewController.swift */; };
		B925CB38274FA0F200E3B256 /* Main.storyboard in Resources */ = {isa = PBXBuildFile; fileRef = B925CB36274FA0F200E3B256 /* Main.storyboard */; };
		B925CB3A274FA0FF00E3B256 /* Assets.xcassets in Resources */ = {isa = PBXBuildFile; fileRef = B925CB39274FA0FF00E3B256 /* Assets.xcassets */; };
		B925CB3D274FA0FF00E3B256 /* LaunchScreen.storyboard in Resources */ = {isa = PBXBuildFile; fileRef = B925CB3B274FA0FF00E3B256 /* LaunchScreen.storyboard */; };
		B925CB48274FA0FF00E3B256 /* AutoResizing_PracticeTests.swift in Sources */ = {isa = PBXBuildFile; fileRef = B925CB47274FA0FF00E3B256 /* AutoResizing_PracticeTests.swift */; };
		B925CB53274FA0FF00E3B256 /* AutoResizing_PracticeUITests.swift in Sources */ = {isa = PBXBuildFile; fileRef = B925CB52274FA0FF00E3B256 /* AutoResizing_PracticeUITests.swift */; };
/* End PBXBuildFile section */

/* Begin PBXContainerItemProxy section */
		B925CB44274FA0FF00E3B256 /* PBXContainerItemProxy */ = {
			isa = PBXContainerItemProxy;
			containerPortal = B925CB25274FA0F200E3B256 /* Project object */;
			proxyType = 1;
			remoteGlobalIDString = B925CB2C274FA0F200E3B256;
			remoteInfo = "AutoResizing-Practice";
		};
		B925CB4F274FA0FF00E3B256 /* PBXContainerItemProxy */ = {
			isa = PBXContainerItemProxy;
			containerPortal = B925CB25274FA0F200E3B256 /* Project object */;
			proxyType = 1;
			remoteGlobalIDString = B925CB2C274FA0F200E3B256;
			remoteInfo = "AutoResizing-Practice";
		};
/* End PBXContainerItemProxy section */

/* Begin PBXFileReference section */
		B925CB2D274FA0F200E3B256 /* AutoResizing-Practice.app */ = {isa = PBXFileReference; explicitFileType = wrapper.application; includeInIndex = 0; path = "AutoResizing-Practice.app"; sourceTree = BUILT_PRODUCTS_DIR; };
		B925CB30274FA0F200E3B256 /* AppDelegate.swift */ = {isa = PBXFileReference; lastKnownFileType = sourcecode.swift; path = AppDelegate.swift; sourceTree = "<group>"; };
		B925CB32274FA0F200E3B256 /* SceneDelegate.swift */ = {isa = PBXFileReference; lastKnownFileType = sourcecode.swift; path = SceneDelegate.swift; sourceTree = "<group>"; };
		B925CB34274FA0F200E3B256 /* ViewController.swift */ = {isa = PBXFileReference; lastKnownFileType = sourcecode.swift; path = ViewController.swift; sourceTree = "<group>"; };
		B925CB37274FA0F200E3B256 /* Base */ = {isa = PBXFileReference; lastKnownFileType = file.storyboard; name = Base; path = Base.lproj/Main.storyboard; sourceTree = "<group>"; };
		B925CB39274FA0FF00E3B256 /* Assets.xcassets */ = {isa = PBXFileReference; lastKnownFileType = folder.assetcatalog; path = Assets.xcassets; sourceTree = "<group>"; };
		B925CB3C274FA0FF00E3B256 /* Base */ = {isa = PBXFileReference; lastKnownFileType = file.storyboard; name = Base; path = Base.lproj/LaunchScreen.storyboard; sourceTree = "<group>"; };
		B925CB3E274FA0FF00E3B256 /* Info.plist */ = {isa = PBXFileReference; lastKnownFileType = text.plist.xml; path = Info.plist; sourceTree = "<group>"; };
		B925CB43274FA0FF00E3B256 /* AutoResizing-PracticeTests.xctest */ = {isa = PBXFileReference; explicitFileType = wrapper.cfbundle; includeInIndex = 0; path = "AutoResizing-PracticeTests.xctest"; sourceTree = BUILT_PRODUCTS_DIR; };
		B925CB47274FA0FF00E3B256 /* AutoResizing_PracticeTests.swift */ = {isa = PBXFileReference; lastKnownFileType = sourcecode.swift; path = AutoResizing_PracticeTests.swift; sourceTree = "<group>"; };
		B925CB49274FA0FF00E3B256 /* Info.plist */ = {isa = PBXFileReference; lastKnownFileType = text.plist.xml; path = Info.plist; sourceTree = "<group>"; };
		B925CB4E274FA0FF00E3B256 /* AutoResizing-PracticeUITests.xctest */ = {isa = PBXFileReference; explicitFileType = wrapper.cfbundle; includeInIndex = 0; path = "AutoResizing-PracticeUITests.xctest"; sourceTree = BUILT_PRODUCTS_DIR; };
		B925CB52274FA0FF00E3B256 /* AutoResizing_PracticeUITests.swift */ = {isa = PBXFileReference; lastKnownFileType = sourcecode.swift; path = AutoResizing_PracticeUITests.swift; sourceTree = "<group>"; };
		B925CB54274FA0FF00E3B256 /* Info.plist */ = {isa = PBXFileReference; lastKnownFileType = text.plist.xml; path = Info.plist; sourceTree = "<group>"; };
/* End PBXFileReference section */

/* Begin PBXFrameworksBuildPhase section */
		B925CB2A274FA0F200E3B256 /* Frameworks */ = {
			isa = PBXFrameworksBuildPhase;
			buildActionMask = 2147483647;
			files = (
			);
			runOnlyForDeploymentPostprocessing = 0;
		};
		B925CB40274FA0FF00E3B256 /* Frameworks */ = {
			isa = PBXFrameworksBuildPhase;
			buildActionMask = 2147483647;
			files = (
			);
			runOnlyForDeploymentPostprocessing = 0;
		};
		B925CB4B274FA0FF00E3B256 /* Frameworks */ = {
			isa = PBXFrameworksBuildPhase;
			buildActionMask = 2147483647;
			files = (
			);
			runOnlyForDeploymentPostprocessing = 0;
		};
/* End PBXFrameworksBuildPhase section */

/* Begin PBXGroup section */
		B925CB24274FA0F200E3B256 = {
			isa = PBXGroup;
			children = (
				B925CB2F274FA0F200E3B256 /* AutoResizing-Practice */,
				B925CB46274FA0FF00E3B256 /* AutoResizing-PracticeTests */,
				B925CB51274FA0FF00E3B256 /* AutoResizing-PracticeUITests */,
				B925CB2E274FA0F200E3B256 /* Products */,
			);
			sourceTree = "<group>";
		};
		B925CB2E274FA0F200E3B256 /* Products */ = {
			isa = PBXGroup;
			children = (
				B925CB2D274FA0F200E3B256 /* AutoResizing-Practice.app */,
				B925CB43274FA0FF00E3B256 /* AutoResizing-PracticeTests.xctest */,
				B925CB4E274FA0FF00E3B256 /* AutoResizing-PracticeUITests.xctest */,
			);
			name = Products;
			sourceTree = "<group>";
		};
		B925CB2F274FA0F200E3B256 /* AutoResizing-Practice */ = {
			isa = PBXGroup;
			children = (
				B925CB30274FA0F200E3B256 /* AppDelegate.swift */,
				B925CB32274FA0F200E3B256 /* SceneDelegate.swift */,
				B925CB34274FA0F200E3B256 /* ViewController.swift */,
				B925CB36274FA0F200E3B256 /* Main.storyboard */,
				B925CB39274FA0FF00E3B256 /* Assets.xcassets */,
				B925CB3B274FA0FF00E3B256 /* LaunchScreen.storyboard */,
				B925CB3E274FA0FF00E3B256 /* Info.plist */,
			);
			path = "AutoResizing-Practice";
			sourceTree = "<group>";
		};
		B925CB46274FA0FF00E3B256 /* AutoResizing-PracticeTests */ = {
			isa = PBXGroup;
			children = (
				B925CB47274FA0FF00E3B256 /* AutoResizing_PracticeTests.swift */,
				B925CB49274FA0FF00E3B256 /* Info.plist */,
			);
			path = "AutoResizing-PracticeTests";
			sourceTree = "<group>";
		};
		B925CB51274FA0FF00E3B256 /* AutoResizing-PracticeUITests */ = {
			isa = PBXGroup;
			children = (
				B925CB52274FA0FF00E3B256 /* AutoResizing_PracticeUITests.swift */,
				B925CB54274FA0FF00E3B256 /* Info.plist */,
			);
			path = "AutoResizing-PracticeUITests";
			sourceTree = "<group>";
		};
/* End PBXGroup section */

/* Begin PBXNativeTarget section */
		B925CB2C274FA0F200E3B256 /* AutoResizing-Practice */ = {
			isa = PBXNativeTarget;
			buildConfigurationList = B925CB57274FA0FF00E3B256 /* Build configuration list for PBXNativeTarget "AutoResizing-Practice" */;
			buildPhases = (
				B925CB29274FA0F200E3B256 /* Sources */,
				B925CB2A274FA0F200E3B256 /* Frameworks */,
				B925CB2B274FA0F200E3B256 /* Resources */,
			);
			buildRules = (
			);
			dependencies = (
			);
			name = "AutoResizing-Practice";
			productName = "AutoResizing-Practice";
			productReference = B925CB2D274FA0F200E3B256 /* AutoResizing-Practice.app */;
			productType = "com.apple.product-type.application";
		};
		B925CB42274FA0FF00E3B256 /* AutoResizing-PracticeTests */ = {
			isa = PBXNativeTarget;
			buildConfigurationList = B925CB5A274FA0FF00E3B256 /* Build configuration list for PBXNativeTarget "AutoResizing-PracticeTests" */;
			buildPhases = (
				B925CB3F274FA0FF00E3B256 /* Sources */,
				B925CB40274FA0FF00E3B256 /* Frameworks */,
				B925CB41274FA0FF00E3B256 /* Resources */,
			);
			buildRules = (
			);
			dependencies = (
				B925CB45274FA0FF00E3B256 /* PBXTargetDependency */,
			);
			name = "AutoResizing-PracticeTests";
			productName = "AutoResizing-PracticeTests";
			productReference = B925CB43274FA0FF00E3B256 /* AutoResizing-PracticeTests.xctest */;
			productType = "com.apple.product-type.bundle.unit-test";
		};
		B925CB4D274FA0FF00E3B256 /* AutoResizing-PracticeUITests */ = {
			isa = PBXNativeTarget;
			buildConfigurationList = B925CB5D274FA0FF00E3B256 /* Build configuration list for PBXNativeTarget "AutoResizing-PracticeUITests" */;
			buildPhases = (
				B925CB4A274FA0FF00E3B256 /* Sources */,
				B925CB4B274FA0FF00E3B256 /* Frameworks */,
				B925CB4C274FA0FF00E3B256 /* Resources */,
			);
			buildRules = (
			);
			dependencies = (
				B925CB50274FA0FF00E3B256 /* PBXTargetDependency */,
			);
			name = "AutoResizing-PracticeUITests";
			productName = "AutoResizing-PracticeUITests";
			productReference = B925CB4E274FA0FF00E3B256 /* AutoResizing-PracticeUITests.xctest */;
			productType = "com.apple.product-type.bundle.ui-testing";
		};
/* End PBXNativeTarget section */

/* Begin PBXProject section */
		B925CB25274FA0F200E3B256 /* Project object */ = {
			isa = PBXProject;
			attributes = {
				LastSwiftUpdateCheck = 1240;
				LastUpgradeCheck = 1240;
				TargetAttributes = {
					B925CB2C274FA0F200E3B256 = {
						CreatedOnToolsVersion = 12.4;
					};
					B925CB42274FA0FF00E3B256 = {
						CreatedOnToolsVersion = 12.4;
						TestTargetID = B925CB2C274FA0F200E3B256;
					};
					B925CB4D274FA0FF00E3B256 = {
						CreatedOnToolsVersion = 12.4;
						TestTargetID = B925CB2C274FA0F200E3B256;
					};
				};
			};
			buildConfigurationList = B925CB28274FA0F200E3B256 /* Build configuration list for PBXProject "AutoResizing-Practice" */;
			compatibilityVersion = "Xcode 9.3";
			developmentRegion = en;
			hasScannedForEncodings = 0;
			knownRegions = (
				en,
				Base,
			);
			mainGroup = B925CB24274FA0F200E3B256;
			productRefGroup = B925CB2E274FA0F200E3B256 /* Products */;
			projectDirPath = "";
			projectRoot = "";
			targets = (
				B925CB2C274FA0F200E3B256 /* AutoResizing-Practice */,
				B925CB42274FA0FF00E3B256 /* AutoResizing-PracticeTests */,
				B925CB4D274FA0FF00E3B256 /* AutoResizing-PracticeUITests */,
			);
		};
/* End PBXProject section */

/* Begin PBXResourcesBuildPhase section */
		B925CB2B274FA0F200E3B256 /* Resources */ = {
			isa = PBXResourcesBuildPhase;
			buildActionMask = 2147483647;
			files = (
				B925CB3D274FA0FF00E3B256 /* LaunchScreen.storyboard in Resources */,
				B925CB3A274FA0FF00E3B256 /* Assets.xcassets in Resources */,
				B925CB38274FA0F200E3B256 /* Main.storyboard in Resources */,
			);
			runOnlyForDeploymentPostprocessing = 0;
		};
		B925CB41274FA0FF00E3B256 /* Resources */ = {
			isa = PBXResourcesBuildPhase;
			buildActionMask = 2147483647;
			files = (
			);
			runOnlyForDeploymentPostprocessing = 0;
		};
		B925CB4C274FA0FF00E3B256 /* Resources */ = {
			isa = PBXResourcesBuildPhase;
			buildActionMask = 2147483647;
			files = (
			);
			runOnlyForDeploymentPostprocessing = 0;
		};
/* End PBXResourcesBuildPhase section */

/* Begin PBXSourcesBuildPhase section */
		B925CB29274FA0F200E3B256 /* Sources */ = {
			isa = PBXSourcesBuildPhase;
			buildActionMask = 2147483647;
			files = (
				B925CB35274FA0F200E3B256 /* ViewController.swift in Sources */,
				B925CB31274FA0F200E3B256 /* AppDelegate.swift in Sources */,
				B925CB33274FA0F200E3B256 /* SceneDelegate.swift in Sources */,
			);
			runOnlyForDeploymentPostprocessing = 0;
		};
		B925CB3F274FA0FF00E3B256 /* Sources */ = {
			isa = PBXSourcesBuildPhase;
			buildActionMask = 2147483647;
			files = (
				B925CB48274FA0FF00E3B256 /* AutoResizing_PracticeTests.swift in Sources */,
			);
			runOnlyForDeploymentPostprocessing = 0;
		};
		B925CB4A274FA0FF00E3B256 /* Sources */ = {
			isa = PBXSourcesBuildPhase;
			buildActionMask = 2147483647;
			files = (
				B925CB53274FA0FF00E3B256 /* AutoResizing_PracticeUITests.swift in Sources */,
			);
			runOnlyForDeploymentPostprocessing = 0;
		};
/* End PBXSourcesBuildPhase section */

/* Begin PBXTargetDependency section */
		B925CB45274FA0FF00E3B256 /* PBXTargetDependency */ = {
			isa = PBXTargetDependency;
			target = B925CB2C274FA0F200E3B256 /* AutoResizing-Practice */;
			targetProxy = B925CB44274FA0FF00E3B256 /* PBXContainerItemProxy */;
		};
		B925CB50274FA0FF00E3B256 /* PBXTargetDependency */ = {
			isa = PBXTargetDependency;
			target = B925CB2C274FA0F200E3B256 /* AutoResizing-Practice */;
			targetProxy = B925CB4F274FA0FF00E3B256 /* PBXContainerItemProxy */;
		};
/* End PBXTargetDependency section */

/* Begin PBXVariantGroup section */
		B925CB36274FA0F200E3B256 /* Main.storyboard */ = {
			isa = PBXVariantGroup;
			children = (
				B925CB37274FA0F200E3B256 /* Base */,
			);
			name = Main.storyboard;
			sourceTree = "<group>";
		};
		B925CB3B274FA0FF00E3B256 /* LaunchScreen.storyboard */ = {
			isa = PBXVariantGroup;
			children = (
				B925CB3C274FA0FF00E3B256 /* Base */,
			);
			name = LaunchScreen.storyboard;
			sourceTree = "<group>";
		};
/* End PBXVariantGroup section */

/* Begin XCBuildConfiguration section */
		B925CB55274FA0FF00E3B256 /* Debug */ = {
			isa = XCBuildConfiguration;
			buildSettings = {
				ALWAYS_SEARCH_USER_PATHS = NO;
				CLANG_ANALYZER_NONNULL = YES;
				CLANG_ANALYZER_NUMBER_OBJECT_CONVERSION = YES_AGGRESSIVE;
				CLANG_CXX_LANGUAGE_STANDARD = "gnu++14";
				CLANG_CXX_LIBRARY = "libc++";
				CLANG_ENABLE_MODULES = YES;
				CLANG_ENABLE_OBJC_ARC = YES;
				CLANG_ENABLE_OBJC_WEAK = YES;
				CLANG_WARN_BLOCK_CAPTURE_AUTORELEASING = YES;
				CLANG_WARN_BOOL_CONVERSION = YES;
				CLANG_WARN_COMMA = YES;
				CLANG_WARN_CONSTANT_CONVERSION = YES;
				CLANG_WARN_DEPRECATED_OBJC_IMPLEMENTATIONS = YES;
				CLANG_WARN_DIRECT_OBJC_ISA_USAGE = YES_ERROR;
				CLANG_WARN_DOCUMENTATION_COMMENTS = YES;
				CLANG_WARN_EMPTY_BODY = YES;
				CLANG_WARN_ENUM_CONVERSION = YES;
				CLANG_WARN_INFINITE_RECURSION = YES;
				CLANG_WARN_INT_CONVERSION = YES;
				CLANG_WARN_NON_LITERAL_NULL_CONVERSION = YES;
				CLANG_WARN_OBJC_IMPLICIT_RETAIN_SELF = YES;
				CLANG_WARN_OBJC_LITERAL_CONVERSION = YES;
				CLANG_WARN_OBJC_ROOT_CLASS = YES_ERROR;
				CLANG_WARN_QUOTED_INCLUDE_IN_FRAMEWORK_HEADER = YES;
				CLANG_WARN_RANGE_LOOP_ANALYSIS = YES;
				CLANG_WARN_STRICT_PROTOTYPES = YES;
				CLANG_WARN_SUSPICIOUS_MOVE = YES;
				CLANG_WARN_UNGUARDED_AVAILABILITY = YES_AGGRESSIVE;
				CLANG_WARN_UNREACHABLE_CODE = YES;
				CLANG_WARN__DUPLICATE_METHOD_MATCH = YES;
				COPY_PHASE_STRIP = NO;
				DEBUG_INFORMATION_FORMAT = dwarf;
				ENABLE_STRICT_OBJC_MSGSEND = YES;
				ENABLE_TESTABILITY = YES;
				GCC_C_LANGUAGE_STANDARD = gnu11;
				GCC_DYNAMIC_NO_PIC = NO;
				GCC_NO_COMMON_BLOCKS = YES;
				GCC_OPTIMIZATION_LEVEL = 0;
				GCC_PREPROCESSOR_DEFINITIONS = (
					"DEBUG=1",
					"$(inherited)",
				);
				GCC_WARN_64_TO_32_BIT_CONVERSION = YES;
				GCC_WARN_ABOUT_RETURN_TYPE = YES_ERROR;
				GCC_WARN_UNDECLARED_SELECTOR = YES;
				GCC_WARN_UNINITIALIZED_AUTOS = YES_AGGRESSIVE;
				GCC_WARN_UNUSED_FUNCTION = YES;
				GCC_WARN_UNUSED_VARIABLE = YES;
				IPHONEOS_DEPLOYMENT_TARGET = 14.4;
				MTL_ENABLE_DEBUG_INFO = INCLUDE_SOURCE;
				MTL_FAST_MATH = YES;
				ONLY_ACTIVE_ARCH = YES;
				SDKROOT = iphoneos;
				SWIFT_ACTIVE_COMPILATION_CONDITIONS = DEBUG;
				SWIFT_OPTIMIZATION_LEVEL = "-Onone";
			};
			name = Debug;
		};
		B925CB56274FA0FF00E3B256 /* Release */ = {
			isa = XCBuildConfiguration;
			buildSettings = {
				ALWAYS_SEARCH_USER_PATHS = NO;
				CLANG_ANALYZER_NONNULL = YES;
				CLANG_ANALYZER_NUMBER_OBJECT_CONVERSION = YES_AGGRESSIVE;
				CLANG_CXX_LANGUAGE_STANDARD = "gnu++14";
				CLANG_CXX_LIBRARY = "libc++";
				CLANG_ENABLE_MODULES = YES;
				CLANG_ENABLE_OBJC_ARC = YES;
				CLANG_ENABLE_OBJC_WEAK = YES;
				CLANG_WARN_BLOCK_CAPTURE_AUTORELEASING = YES;
				CLANG_WARN_BOOL_CONVERSION = YES;
				CLANG_WARN_COMMA = YES;
				CLANG_WARN_CONSTANT_CONVERSION = YES;
				CLANG_WARN_DEPRECATED_OBJC_IMPLEMENTATIONS = YES;
				CLANG_WARN_DIRECT_OBJC_ISA_USAGE = YES_ERROR;
				CLANG_WARN_DOCUMENTATION_COMMENTS = YES;
				CLANG_WARN_EMPTY_BODY = YES;
				CLANG_WARN_ENUM_CONVERSION = YES;
				CLANG_WARN_INFINITE_RECURSION = YES;
				CLANG_WARN_INT_CONVERSION = YES;
				CLANG_WARN_NON_LITERAL_NULL_CONVERSION = YES;
				CLANG_WARN_OBJC_IMPLICIT_RETAIN_SELF = YES;
				CLANG_WARN_OBJC_LITERAL_CONVERSION = YES;
				CLANG_WARN_OBJC_ROOT_CLASS = YES_ERROR;
				CLANG_WARN_QUOTED_INCLUDE_IN_FRAMEWORK_HEADER = YES;
				CLANG_WARN_RANGE_LOOP_ANALYSIS = YES;
				CLANG_WARN_STRICT_PROTOTYPES = YES;
				CLANG_WARN_SUSPICIOUS_MOVE = YES;
				CLANG_WARN_UNGUARDED_AVAILABILITY = YES_AGGRESSIVE;
				CLANG_WARN_UNREACHABLE_CODE = YES;
				CLANG_WARN__DUPLICATE_METHOD_MATCH = YES;
				COPY_PHASE_STRIP = NO;
				DEBUG_INFORMATION_FORMAT = "dwarf-with-dsym";
				ENABLE_NS_ASSERTIONS = NO;
				ENABLE_STRICT_OBJC_MSGSEND = YES;
				GCC_C_LANGUAGE_STANDARD = gnu11;
				GCC_NO_COMMON_BLOCKS = YES;
				GCC_WARN_64_TO_32_BIT_CONVERSION = YES;
				GCC_WARN_ABOUT_RETURN_TYPE = YES_ERROR;
				GCC_WARN_UNDECLARED_SELECTOR = YES;
				GCC_WARN_UNINITIALIZED_AUTOS = YES_AGGRESSIVE;
				GCC_WARN_UNUSED_FUNCTION = YES;
				GCC_WARN_UNUSED_VARIABLE = YES;
				IPHONEOS_DEPLOYMENT_TARGET = 14.4;
				MTL_ENABLE_DEBUG_INFO = NO;
				MTL_FAST_MATH = YES;
				SDKROOT = iphoneos;
				SWIFT_COMPILATION_MODE = wholemodule;
				SWIFT_OPTIMIZATION_LEVEL = "-O";
				VALIDATE_PRODUCT = YES;
			};
			name = Release;
		};
		B925CB58274FA0FF00E3B256 /* Debug */ = {
			isa = XCBuildConfiguration;
			buildSettings = {
				ASSETCATALOG_COMPILER_APPICON_NAME = AppIcon;
				ASSETCATALOG_COMPILER_GLOBAL_ACCENT_COLOR_NAME = AccentColor;
				CODE_SIGN_STYLE = Automatic;
				INFOPLIST_FILE = "AutoResizing-Practice/Info.plist";
				LD_RUNPATH_SEARCH_PATHS = (
					"$(inherited)",
					"@executable_path/Frameworks",
				);
				PRODUCT_BUNDLE_IDENTIFIER = "com.jihwan.AutoResizing-Practice";
				PRODUCT_NAME = "$(TARGET_NAME)";
				SWIFT_VERSION = 5.0;
				TARGETED_DEVICE_FAMILY = "1,2";
			};
			name = Debug;
		};
		B925CB59274FA0FF00E3B256 /* Release */ = {
			isa = XCBuildConfiguration;
			buildSettings = {
				ASSETCATALOG_COMPILER_APPICON_NAME = AppIcon;
				ASSETCATALOG_COMPILER_GLOBAL_ACCENT_COLOR_NAME = AccentColor;
				CODE_SIGN_STYLE = Automatic;
				INFOPLIST_FILE = "AutoResizing-Practice/Info.plist";
				LD_RUNPATH_SEARCH_PATHS = (
					"$(inherited)",
					"@executable_path/Frameworks",
				);
				PRODUCT_BUNDLE_IDENTIFIER = "com.jihwan.AutoResizing-Practice";
				PRODUCT_NAME = "$(TARGET_NAME)";
				SWIFT_VERSION = 5.0;
				TARGETED_DEVICE_FAMILY = "1,2";
			};
			name = Release;
		};
		B925CB5B274FA0FF00E3B256 /* Debug */ = {
			isa = XCBuildConfiguration;
			buildSettings = {
				ALWAYS_EMBED_SWIFT_STANDARD_LIBRARIES = YES;
				BUNDLE_LOADER = "$(TEST_HOST)";
				CODE_SIGN_STYLE = Automatic;
				INFOPLIST_FILE = "AutoResizing-PracticeTests/Info.plist";
				IPHONEOS_DEPLOYMENT_TARGET = 14.4;
				LD_RUNPATH_SEARCH_PATHS = (
					"$(inherited)",
					"@executable_path/Frameworks",
					"@loader_path/Frameworks",
				);
				PRODUCT_BUNDLE_IDENTIFIER = "com.jihwan.AutoResizing-PracticeTests";
				PRODUCT_NAME = "$(TARGET_NAME)";
				SWIFT_VERSION = 5.0;
				TARGETED_DEVICE_FAMILY = "1,2";
				TEST_HOST = "$(BUILT_PRODUCTS_DIR)/AutoResizing-Practice.app/AutoResizing-Practice";
			};
			name = Debug;
		};
		B925CB5C274FA0FF00E3B256 /* Release */ = {
			isa = XCBuildConfiguration;
			buildSettings = {
				ALWAYS_EMBED_SWIFT_STANDARD_LIBRARIES = YES;
				BUNDLE_LOADER = "$(TEST_HOST)";
				CODE_SIGN_STYLE = Automatic;
				INFOPLIST_FILE = "AutoResizing-PracticeTests/Info.plist";
				IPHONEOS_DEPLOYMENT_TARGET = 14.4;
				LD_RUNPATH_SEARCH_PATHS = (
					"$(inherited)",
					"@executable_path/Frameworks",
					"@loader_path/Frameworks",
				);
				PRODUCT_BUNDLE_IDENTIFIER = "com.jihwan.AutoResizing-PracticeTests";
				PRODUCT_NAME = "$(TARGET_NAME)";
				SWIFT_VERSION = 5.0;
				TARGETED_DEVICE_FAMILY = "1,2";
				TEST_HOST = "$(BUILT_PRODUCTS_DIR)/AutoResizing-Practice.app/AutoResizing-Practice";
			};
			name = Release;
		};
		B925CB5E274FA0FF00E3B256 /* Debug */ = {
			isa = XCBuildConfiguration;
			buildSettings = {
				ALWAYS_EMBED_SWIFT_STANDARD_LIBRARIES = YES;
				CODE_SIGN_STYLE = Automatic;
				INFOPLIST_FILE = "AutoResizing-PracticeUITests/Info.plist";
				LD_RUNPATH_SEARCH_PATHS = (
					"$(inherited)",
					"@executable_path/Frameworks",
					"@loader_path/Frameworks",
				);
				PRODUCT_BUNDLE_IDENTIFIER = "com.jihwan.AutoResizing-PracticeUITests";
				PRODUCT_NAME = "$(TARGET_NAME)";
				SWIFT_VERSION = 5.0;
				TARGETED_DEVICE_FAMILY = "1,2";
				TEST_TARGET_NAME = "AutoResizing-Practice";
			};
			name = Debug;
		};
		B925CB5F274FA0FF00E3B256 /* Release */ = {
			isa = XCBuildConfiguration;
			buildSettings = {
				ALWAYS_EMBED_SWIFT_STANDARD_LIBRARIES = YES;
				CODE_SIGN_STYLE = Automatic;
				INFOPLIST_FILE = "AutoResizing-PracticeUITests/Info.plist";
				LD_RUNPATH_SEARCH_PATHS = (
					"$(inherited)",
					"@executable_path/Frameworks",
					"@loader_path/Frameworks",
				);
				PRODUCT_BUNDLE_IDENTIFIER = "com.jihwan.AutoResizing-PracticeUITests";
				PRODUCT_NAME = "$(TARGET_NAME)";
				SWIFT_VERSION = 5.0;
				TARGETED_DEVICE_FAMILY = "1,2";
				TEST_TARGET_NAME = "AutoResizing-Practice";
			};
			name = Release;
		};
/* End XCBuildConfiguration section */

/* Begin XCConfigurationList section */
		B925CB28274FA0F200E3B256 /* Build configuration list for PBXProject "AutoResizing-Practice" */ = {
			isa = XCConfigurationList;
			buildConfigurations = (
				B925CB55274FA0FF00E3B256 /* Debug */,
				B925CB56274FA0FF00E3B256 /* Release */,
			);
			defaultConfigurationIsVisible = 0;
			defaultConfigurationName = Release;
		};
		B925CB57274FA0FF00E3B256 /* Build configuration list for PBXNativeTarget "AutoResizing-Practice" */ = {
			isa = XCConfigurationList;
			buildConfigurations = (
				B925CB58274FA0FF00E3B256 /* Debug */,
				B925CB59274FA0FF00E3B256 /* Release */,
			);
			defaultConfigurationIsVisible = 0;
			defaultConfigurationName = Release;
		};
		B925CB5A274FA0FF00E3B256 /* Build configuration list for PBXNativeTarget "AutoResizing-PracticeTests" */ = {
			isa = XCConfigurationList;
			buildConfigurations = (
				B925CB5B274FA0FF00E3B256 /* Debug */,
				B925CB5C274FA0FF00E3B256 /* Release */,
			);
			defaultConfigurationIsVisible = 0;
			defaultConfigurationName = Release;
		};
		B925CB5D274FA0FF00E3B256 /* Build configuration list for PBXNativeTarget "AutoResizing-PracticeUITests" */ = {
			isa = XCConfigurationList;
			buildConfigurations = (
				B925CB5E274FA0FF00E3B256 /* Debug */,
				B925CB5F274FA0FF00E3B256 /* Release */,
			);
			defaultConfigurationIsVisible = 0;
			defaultConfigurationName = Release;
		};
/* End XCConfigurationList section */
	};
	rootObject = B925CB25274FA0F200E3B256 /* Project object */;
}
