// !$*UTF8*$!
{
	archiveVersion = 1;
	classes = {
	};
	objectVersion = 50;
	objects = {

/* Begin PBXBuildFile section */
		B972341527159B0600CFBA85 /* AppDelegate.swift in Sources */ = {isa = PBXBuildFile; fileRef = B972341427159B0600CFBA85 /* AppDelegate.swift */; };
		B972341727159B0600CFBA85 /* SceneDelegate.swift in Sources */ = {isa = PBXBuildFile; fileRef = B972341627159B0600CFBA85 /* SceneDelegate.swift */; };
		B972341927159B0600CFBA85 /* ViewController.swift in Sources */ = {isa = PBXBuildFile; fileRef = B972341827159B0600CFBA85 /* ViewController.swift */; };
		B972341C27159B0700CFBA85 /* Main.storyboard in Resources */ = {isa = PBXBuildFile; fileRef = B972341A27159B0700CFBA85 /* Main.storyboard */; };
		B972341F27159B0700CFBA85 /* MyAlbum.xcdatamodeld in Sources */ = {isa = PBXBuildFile; fileRef = B972341D27159B0700CFBA85 /* MyAlbum.xcdatamodeld */; };
		B972342127159B1600CFBA85 /* Assets.xcassets in Resources */ = {isa = PBXBuildFile; fileRef = B972342027159B1600CFBA85 /* Assets.xcassets */; };
		B972342427159B1600CFBA85 /* LaunchScreen.storyboard in Resources */ = {isa = PBXBuildFile; fileRef = B972342227159B1600CFBA85 /* LaunchScreen.storyboard */; };
		B972342F27159B1700CFBA85 /* MyAlbumTests.swift in Sources */ = {isa = PBXBuildFile; fileRef = B972342E27159B1700CFBA85 /* MyAlbumTests.swift */; };
		B972343A27159B1700CFBA85 /* MyAlbumUITests.swift in Sources */ = {isa = PBXBuildFile; fileRef = B972343927159B1700CFBA85 /* MyAlbumUITests.swift */; };
/* End PBXBuildFile section */

/* Begin PBXContainerItemProxy section */
		B972342B27159B1700CFBA85 /* PBXContainerItemProxy */ = {
			isa = PBXContainerItemProxy;
			containerPortal = B972340927159B0600CFBA85 /* Project object */;
			proxyType = 1;
			remoteGlobalIDString = B972341027159B0600CFBA85;
			remoteInfo = MyAlbum;
		};
		B972343627159B1700CFBA85 /* PBXContainerItemProxy */ = {
			isa = PBXContainerItemProxy;
			containerPortal = B972340927159B0600CFBA85 /* Project object */;
			proxyType = 1;
			remoteGlobalIDString = B972341027159B0600CFBA85;
			remoteInfo = MyAlbum;
		};
/* End PBXContainerItemProxy section */

/* Begin PBXFileReference section */
		B972341127159B0600CFBA85 /* MyAlbum.app */ = {isa = PBXFileReference; explicitFileType = wrapper.application; includeInIndex = 0; path = MyAlbum.app; sourceTree = BUILT_PRODUCTS_DIR; };
		B972341427159B0600CFBA85 /* AppDelegate.swift */ = {isa = PBXFileReference; lastKnownFileType = sourcecode.swift; path = AppDelegate.swift; sourceTree = "<group>"; };
		B972341627159B0600CFBA85 /* SceneDelegate.swift */ = {isa = PBXFileReference; lastKnownFileType = sourcecode.swift; path = SceneDelegate.swift; sourceTree = "<group>"; };
		B972341827159B0600CFBA85 /* ViewController.swift */ = {isa = PBXFileReference; lastKnownFileType = sourcecode.swift; path = ViewController.swift; sourceTree = "<group>"; };
		B972341B27159B0700CFBA85 /* Base */ = {isa = PBXFileReference; lastKnownFileType = file.storyboard; name = Base; path = Base.lproj/Main.storyboard; sourceTree = "<group>"; };
		B972341E27159B0700CFBA85 /* MyAlbum.xcdatamodel */ = {isa = PBXFileReference; lastKnownFileType = wrapper.xcdatamodel; path = MyAlbum.xcdatamodel; sourceTree = "<group>"; };
		B972342027159B1600CFBA85 /* Assets.xcassets */ = {isa = PBXFileReference; lastKnownFileType = folder.assetcatalog; path = Assets.xcassets; sourceTree = "<group>"; };
		B972342327159B1600CFBA85 /* Base */ = {isa = PBXFileReference; lastKnownFileType = file.storyboard; name = Base; path = Base.lproj/LaunchScreen.storyboard; sourceTree = "<group>"; };
		B972342527159B1600CFBA85 /* Info.plist */ = {isa = PBXFileReference; lastKnownFileType = text.plist.xml; path = Info.plist; sourceTree = "<group>"; };
		B972342A27159B1700CFBA85 /* MyAlbumTests.xctest */ = {isa = PBXFileReference; explicitFileType = wrapper.cfbundle; includeInIndex = 0; path = MyAlbumTests.xctest; sourceTree = BUILT_PRODUCTS_DIR; };
		B972342E27159B1700CFBA85 /* MyAlbumTests.swift */ = {isa = PBXFileReference; lastKnownFileType = sourcecode.swift; path = MyAlbumTests.swift; sourceTree = "<group>"; };
		B972343027159B1700CFBA85 /* Info.plist */ = {isa = PBXFileReference; lastKnownFileType = text.plist.xml; path = Info.plist; sourceTree = "<group>"; };
		B972343527159B1700CFBA85 /* MyAlbumUITests.xctest */ = {isa = PBXFileReference; explicitFileType = wrapper.cfbundle; includeInIndex = 0; path = MyAlbumUITests.xctest; sourceTree = BUILT_PRODUCTS_DIR; };
		B972343927159B1700CFBA85 /* MyAlbumUITests.swift */ = {isa = PBXFileReference; lastKnownFileType = sourcecode.swift; path = MyAlbumUITests.swift; sourceTree = "<group>"; };
		B972343B27159B1700CFBA85 /* Info.plist */ = {isa = PBXFileReference; lastKnownFileType = text.plist.xml; path = Info.plist; sourceTree = "<group>"; };
/* End PBXFileReference section */

/* Begin PBXFrameworksBuildPhase section */
		B972340E27159B0600CFBA85 /* Frameworks */ = {
			isa = PBXFrameworksBuildPhase;
			buildActionMask = 2147483647;
			files = (
			);
			runOnlyForDeploymentPostprocessing = 0;
		};
		B972342727159B1700CFBA85 /* Frameworks */ = {
			isa = PBXFrameworksBuildPhase;
			buildActionMask = 2147483647;
			files = (
			);
			runOnlyForDeploymentPostprocessing = 0;
		};
		B972343227159B1700CFBA85 /* Frameworks */ = {
			isa = PBXFrameworksBuildPhase;
			buildActionMask = 2147483647;
			files = (
			);
			runOnlyForDeploymentPostprocessing = 0;
		};
/* End PBXFrameworksBuildPhase section */

/* Begin PBXGroup section */
		B972340827159B0600CFBA85 = {
			isa = PBXGroup;
			children = (
				B972341327159B0600CFBA85 /* MyAlbum */,
				B972342D27159B1700CFBA85 /* MyAlbumTests */,
				B972343827159B1700CFBA85 /* MyAlbumUITests */,
				B972341227159B0600CFBA85 /* Products */,
			);
			sourceTree = "<group>";
		};
		B972341227159B0600CFBA85 /* Products */ = {
			isa = PBXGroup;
			children = (
				B972341127159B0600CFBA85 /* MyAlbum.app */,
				B972342A27159B1700CFBA85 /* MyAlbumTests.xctest */,
				B972343527159B1700CFBA85 /* MyAlbumUITests.xctest */,
			);
			name = Products;
			sourceTree = "<group>";
		};
		B972341327159B0600CFBA85 /* MyAlbum */ = {
			isa = PBXGroup;
			children = (
				B972341427159B0600CFBA85 /* AppDelegate.swift */,
				B972341627159B0600CFBA85 /* SceneDelegate.swift */,
				B972341827159B0600CFBA85 /* ViewController.swift */,
				B972341A27159B0700CFBA85 /* Main.storyboard */,
				B972342027159B1600CFBA85 /* Assets.xcassets */,
				B972342227159B1600CFBA85 /* LaunchScreen.storyboard */,
				B972342527159B1600CFBA85 /* Info.plist */,
				B972341D27159B0700CFBA85 /* MyAlbum.xcdatamodeld */,
			);
			path = MyAlbum;
			sourceTree = "<group>";
		};
		B972342D27159B1700CFBA85 /* MyAlbumTests */ = {
			isa = PBXGroup;
			children = (
				B972342E27159B1700CFBA85 /* MyAlbumTests.swift */,
				B972343027159B1700CFBA85 /* Info.plist */,
			);
			path = MyAlbumTests;
			sourceTree = "<group>";
		};
		B972343827159B1700CFBA85 /* MyAlbumUITests */ = {
			isa = PBXGroup;
			children = (
				B972343927159B1700CFBA85 /* MyAlbumUITests.swift */,
				B972343B27159B1700CFBA85 /* Info.plist */,
			);
			path = MyAlbumUITests;
			sourceTree = "<group>";
		};
/* End PBXGroup section */

/* Begin PBXNativeTarget section */
		B972341027159B0600CFBA85 /* MyAlbum */ = {
			isa = PBXNativeTarget;
			buildConfigurationList = B972343E27159B1700CFBA85 /* Build configuration list for PBXNativeTarget "MyAlbum" */;
			buildPhases = (
				B972340D27159B0600CFBA85 /* Sources */,
				B972340E27159B0600CFBA85 /* Frameworks */,
				B972340F27159B0600CFBA85 /* Resources */,
			);
			buildRules = (
			);
			dependencies = (
			);
			name = MyAlbum;
			productName = MyAlbum;
			productReference = B972341127159B0600CFBA85 /* MyAlbum.app */;
			productType = "com.apple.product-type.application";
		};
		B972342927159B1700CFBA85 /* MyAlbumTests */ = {
			isa = PBXNativeTarget;
			buildConfigurationList = B972344127159B1700CFBA85 /* Build configuration list for PBXNativeTarget "MyAlbumTests" */;
			buildPhases = (
				B972342627159B1700CFBA85 /* Sources */,
				B972342727159B1700CFBA85 /* Frameworks */,
				B972342827159B1700CFBA85 /* Resources */,
			);
			buildRules = (
			);
			dependencies = (
				B972342C27159B1700CFBA85 /* PBXTargetDependency */,
			);
			name = MyAlbumTests;
			productName = MyAlbumTests;
			productReference = B972342A27159B1700CFBA85 /* MyAlbumTests.xctest */;
			productType = "com.apple.product-type.bundle.unit-test";
		};
		B972343427159B1700CFBA85 /* MyAlbumUITests */ = {
			isa = PBXNativeTarget;
			buildConfigurationList = B972344427159B1700CFBA85 /* Build configuration list for PBXNativeTarget "MyAlbumUITests" */;
			buildPhases = (
				B972343127159B1700CFBA85 /* Sources */,
				B972343227159B1700CFBA85 /* Frameworks */,
				B972343327159B1700CFBA85 /* Resources */,
			);
			buildRules = (
			);
			dependencies = (
				B972343727159B1700CFBA85 /* PBXTargetDependency */,
			);
			name = MyAlbumUITests;
			productName = MyAlbumUITests;
			productReference = B972343527159B1700CFBA85 /* MyAlbumUITests.xctest */;
			productType = "com.apple.product-type.bundle.ui-testing";
		};
/* End PBXNativeTarget section */

/* Begin PBXProject section */
		B972340927159B0600CFBA85 /* Project object */ = {
			isa = PBXProject;
			attributes = {
				LastSwiftUpdateCheck = 1240;
				LastUpgradeCheck = 1240;
				TargetAttributes = {
					B972341027159B0600CFBA85 = {
						CreatedOnToolsVersion = 12.4;
					};
					B972342927159B1700CFBA85 = {
						CreatedOnToolsVersion = 12.4;
						TestTargetID = B972341027159B0600CFBA85;
					};
					B972343427159B1700CFBA85 = {
						CreatedOnToolsVersion = 12.4;
						TestTargetID = B972341027159B0600CFBA85;
					};
				};
			};
			buildConfigurationList = B972340C27159B0600CFBA85 /* Build configuration list for PBXProject "MyAlbum" */;
			compatibilityVersion = "Xcode 9.3";
			developmentRegion = en;
			hasScannedForEncodings = 0;
			knownRegions = (
				en,
				Base,
			);
			mainGroup = B972340827159B0600CFBA85;
			productRefGroup = B972341227159B0600CFBA85 /* Products */;
			projectDirPath = "";
			projectRoot = "";
			targets = (
				B972341027159B0600CFBA85 /* MyAlbum */,
				B972342927159B1700CFBA85 /* MyAlbumTests */,
				B972343427159B1700CFBA85 /* MyAlbumUITests */,
			);
		};
/* End PBXProject section */

/* Begin PBXResourcesBuildPhase section */
		B972340F27159B0600CFBA85 /* Resources */ = {
			isa = PBXResourcesBuildPhase;
			buildActionMask = 2147483647;
			files = (
				B972342427159B1600CFBA85 /* LaunchScreen.storyboard in Resources */,
				B972342127159B1600CFBA85 /* Assets.xcassets in Resources */,
				B972341C27159B0700CFBA85 /* Main.storyboard in Resources */,
			);
			runOnlyForDeploymentPostprocessing = 0;
		};
		B972342827159B1700CFBA85 /* Resources */ = {
			isa = PBXResourcesBuildPhase;
			buildActionMask = 2147483647;
			files = (
			);
			runOnlyForDeploymentPostprocessing = 0;
		};
		B972343327159B1700CFBA85 /* Resources */ = {
			isa = PBXResourcesBuildPhase;
			buildActionMask = 2147483647;
			files = (
			);
			runOnlyForDeploymentPostprocessing = 0;
		};
/* End PBXResourcesBuildPhase section */

/* Begin PBXSourcesBuildPhase section */
		B972340D27159B0600CFBA85 /* Sources */ = {
			isa = PBXSourcesBuildPhase;
			buildActionMask = 2147483647;
			files = (
				B972341927159B0600CFBA85 /* ViewController.swift in Sources */,
				B972341527159B0600CFBA85 /* AppDelegate.swift in Sources */,
				B972341727159B0600CFBA85 /* SceneDelegate.swift in Sources */,
				B972341F27159B0700CFBA85 /* MyAlbum.xcdatamodeld in Sources */,
			);
			runOnlyForDeploymentPostprocessing = 0;
		};
		B972342627159B1700CFBA85 /* Sources */ = {
			isa = PBXSourcesBuildPhase;
			buildActionMask = 2147483647;
			files = (
				B972342F27159B1700CFBA85 /* MyAlbumTests.swift in Sources */,
			);
			runOnlyForDeploymentPostprocessing = 0;
		};
		B972343127159B1700CFBA85 /* Sources */ = {
			isa = PBXSourcesBuildPhase;
			buildActionMask = 2147483647;
			files = (
				B972343A27159B1700CFBA85 /* MyAlbumUITests.swift in Sources */,
			);
			runOnlyForDeploymentPostprocessing = 0;
		};
/* End PBXSourcesBuildPhase section */

/* Begin PBXTargetDependency section */
		B972342C27159B1700CFBA85 /* PBXTargetDependency */ = {
			isa = PBXTargetDependency;
			target = B972341027159B0600CFBA85 /* MyAlbum */;
			targetProxy = B972342B27159B1700CFBA85 /* PBXContainerItemProxy */;
		};
		B972343727159B1700CFBA85 /* PBXTargetDependency */ = {
			isa = PBXTargetDependency;
			target = B972341027159B0600CFBA85 /* MyAlbum */;
			targetProxy = B972343627159B1700CFBA85 /* PBXContainerItemProxy */;
		};
/* End PBXTargetDependency section */

/* Begin PBXVariantGroup section */
		B972341A27159B0700CFBA85 /* Main.storyboard */ = {
			isa = PBXVariantGroup;
			children = (
				B972341B27159B0700CFBA85 /* Base */,
			);
			name = Main.storyboard;
			sourceTree = "<group>";
		};
		B972342227159B1600CFBA85 /* LaunchScreen.storyboard */ = {
			isa = PBXVariantGroup;
			children = (
				B972342327159B1600CFBA85 /* Base */,
			);
			name = LaunchScreen.storyboard;
			sourceTree = "<group>";
		};
/* End PBXVariantGroup section */

/* Begin XCBuildConfiguration section */
		B972343C27159B1700CFBA85 /* Debug */ = {
			isa = XCBuildConfiguration;
			buildSettings = {
				ALWAYS_SEARCH_USER_PATHS = NO;
				CLANG_ANALYZER_NONNULL = YES;
				CLANG_ANALYZER_NUMBER_OBJECT_CONVERSION = YES_AGGRESSIVE;
				CLANG_CXX_LANGUAGE_STANDARD = "gnu++14";
				CLANG_CXX_LIBRARY = "libc++";
				CLANG_ENABLE_MODULES = YES;
				CLANG_ENABLE_OBJC_ARC = YES;
				CLANG_ENABLE_OBJC_WEAK = YES;
				CLANG_WARN_BLOCK_CAPTURE_AUTORELEASING = YES;
				CLANG_WARN_BOOL_CONVERSION = YES;
				CLANG_WARN_COMMA = YES;
				CLANG_WARN_CONSTANT_CONVERSION = YES;
				CLANG_WARN_DEPRECATED_OBJC_IMPLEMENTATIONS = YES;
				CLANG_WARN_DIRECT_OBJC_ISA_USAGE = YES_ERROR;
				CLANG_WARN_DOCUMENTATION_COMMENTS = YES;
				CLANG_WARN_EMPTY_BODY = YES;
				CLANG_WARN_ENUM_CONVERSION = YES;
				CLANG_WARN_INFINITE_RECURSION = YES;
				CLANG_WARN_INT_CONVERSION = YES;
				CLANG_WARN_NON_LITERAL_NULL_CONVERSION = YES;
				CLANG_WARN_OBJC_IMPLICIT_RETAIN_SELF = YES;
				CLANG_WARN_OBJC_LITERAL_CONVERSION = YES;
				CLANG_WARN_OBJC_ROOT_CLASS = YES_ERROR;
				CLANG_WARN_QUOTED_INCLUDE_IN_FRAMEWORK_HEADER = YES;
				CLANG_WARN_RANGE_LOOP_ANALYSIS = YES;
				CLANG_WARN_STRICT_PROTOTYPES = YES;
				CLANG_WARN_SUSPICIOUS_MOVE = YES;
				CLANG_WARN_UNGUARDED_AVAILABILITY = YES_AGGRESSIVE;
				CLANG_WARN_UNREACHABLE_CODE = YES;
				CLANG_WARN__DUPLICATE_METHOD_MATCH = YES;
				COPY_PHASE_STRIP = NO;
				DEBUG_INFORMATION_FORMAT = dwarf;
				ENABLE_STRICT_OBJC_MSGSEND = YES;
				ENABLE_TESTABILITY = YES;
				GCC_C_LANGUAGE_STANDARD = gnu11;
				GCC_DYNAMIC_NO_PIC = NO;
				GCC_NO_COMMON_BLOCKS = YES;
				GCC_OPTIMIZATION_LEVEL = 0;
				GCC_PREPROCESSOR_DEFINITIONS = (
					"DEBUG=1",
					"$(inherited)",
				);
				GCC_WARN_64_TO_32_BIT_CONVERSION = YES;
				GCC_WARN_ABOUT_RETURN_TYPE = YES_ERROR;
				GCC_WARN_UNDECLARED_SELECTOR = YES;
				GCC_WARN_UNINITIALIZED_AUTOS = YES_AGGRESSIVE;
				GCC_WARN_UNUSED_FUNCTION = YES;
				GCC_WARN_UNUSED_VARIABLE = YES;
				IPHONEOS_DEPLOYMENT_TARGET = 14.4;
				MTL_ENABLE_DEBUG_INFO = INCLUDE_SOURCE;
				MTL_FAST_MATH = YES;
				ONLY_ACTIVE_ARCH = YES;
				SDKROOT = iphoneos;
				SWIFT_ACTIVE_COMPILATION_CONDITIONS = DEBUG;
				SWIFT_OPTIMIZATION_LEVEL = "-Onone";
			};
			name = Debug;
		};
		B972343D27159B1700CFBA85 /* Release */ = {
			isa = XCBuildConfiguration;
			buildSettings = {
				ALWAYS_SEARCH_USER_PATHS = NO;
				CLANG_ANALYZER_NONNULL = YES;
				CLANG_ANALYZER_NUMBER_OBJECT_CONVERSION = YES_AGGRESSIVE;
				CLANG_CXX_LANGUAGE_STANDARD = "gnu++14";
				CLANG_CXX_LIBRARY = "libc++";
				CLANG_ENABLE_MODULES = YES;
				CLANG_ENABLE_OBJC_ARC = YES;
				CLANG_ENABLE_OBJC_WEAK = YES;
				CLANG_WARN_BLOCK_CAPTURE_AUTORELEASING = YES;
				CLANG_WARN_BOOL_CONVERSION = YES;
				CLANG_WARN_COMMA = YES;
				CLANG_WARN_CONSTANT_CONVERSION = YES;
				CLANG_WARN_DEPRECATED_OBJC_IMPLEMENTATIONS = YES;
				CLANG_WARN_DIRECT_OBJC_ISA_USAGE = YES_ERROR;
				CLANG_WARN_DOCUMENTATION_COMMENTS = YES;
				CLANG_WARN_EMPTY_BODY = YES;
				CLANG_WARN_ENUM_CONVERSION = YES;
				CLANG_WARN_INFINITE_RECURSION = YES;
				CLANG_WARN_INT_CONVERSION = YES;
				CLANG_WARN_NON_LITERAL_NULL_CONVERSION = YES;
				CLANG_WARN_OBJC_IMPLICIT_RETAIN_SELF = YES;
				CLANG_WARN_OBJC_LITERAL_CONVERSION = YES;
				CLANG_WARN_OBJC_ROOT_CLASS = YES_ERROR;
				CLANG_WARN_QUOTED_INCLUDE_IN_FRAMEWORK_HEADER = YES;
				CLANG_WARN_RANGE_LOOP_ANALYSIS = YES;
				CLANG_WARN_STRICT_PROTOTYPES = YES;
				CLANG_WARN_SUSPICIOUS_MOVE = YES;
				CLANG_WARN_UNGUARDED_AVAILABILITY = YES_AGGRESSIVE;
				CLANG_WARN_UNREACHABLE_CODE = YES;
				CLANG_WARN__DUPLICATE_METHOD_MATCH = YES;
				COPY_PHASE_STRIP = NO;
				DEBUG_INFORMATION_FORMAT = "dwarf-with-dsym";
				ENABLE_NS_ASSERTIONS = NO;
				ENABLE_STRICT_OBJC_MSGSEND = YES;
				GCC_C_LANGUAGE_STANDARD = gnu11;
				GCC_NO_COMMON_BLOCKS = YES;
				GCC_WARN_64_TO_32_BIT_CONVERSION = YES;
				GCC_WARN_ABOUT_RETURN_TYPE = YES_ERROR;
				GCC_WARN_UNDECLARED_SELECTOR = YES;
				GCC_WARN_UNINITIALIZED_AUTOS = YES_AGGRESSIVE;
				GCC_WARN_UNUSED_FUNCTION = YES;
				GCC_WARN_UNUSED_VARIABLE = YES;
				IPHONEOS_DEPLOYMENT_TARGET = 14.4;
				MTL_ENABLE_DEBUG_INFO = NO;
				MTL_FAST_MATH = YES;
				SDKROOT = iphoneos;
				SWIFT_COMPILATION_MODE = wholemodule;
				SWIFT_OPTIMIZATION_LEVEL = "-O";
				VALIDATE_PRODUCT = YES;
			};
			name = Release;
		};
		B972343F27159B1700CFBA85 /* Debug */ = {
			isa = XCBuildConfiguration;
			buildSettings = {
				ASSETCATALOG_COMPILER_APPICON_NAME = AppIcon;
				ASSETCATALOG_COMPILER_GLOBAL_ACCENT_COLOR_NAME = AccentColor;
				CODE_SIGN_STYLE = Automatic;
				INFOPLIST_FILE = MyAlbum/Info.plist;
				LD_RUNPATH_SEARCH_PATHS = (
					"$(inherited)",
					"@executable_path/Frameworks",
				);
				PRODUCT_BUNDLE_IDENTIFIER = com.jihwan.MyAlbum;
				PRODUCT_NAME = "$(TARGET_NAME)";
				SWIFT_VERSION = 5.0;
				TARGETED_DEVICE_FAMILY = "1,2";
			};
			name = Debug;
		};
		B972344027159B1700CFBA85 /* Release */ = {
			isa = XCBuildConfiguration;
			buildSettings = {
				ASSETCATALOG_COMPILER_APPICON_NAME = AppIcon;
				ASSETCATALOG_COMPILER_GLOBAL_ACCENT_COLOR_NAME = AccentColor;
				CODE_SIGN_STYLE = Automatic;
				INFOPLIST_FILE = MyAlbum/Info.plist;
				LD_RUNPATH_SEARCH_PATHS = (
					"$(inherited)",
					"@executable_path/Frameworks",
				);
				PRODUCT_BUNDLE_IDENTIFIER = com.jihwan.MyAlbum;
				PRODUCT_NAME = "$(TARGET_NAME)";
				SWIFT_VERSION = 5.0;
				TARGETED_DEVICE_FAMILY = "1,2";
			};
			name = Release;
		};
		B972344227159B1700CFBA85 /* Debug */ = {
			isa = XCBuildConfiguration;
			buildSettings = {
				ALWAYS_EMBED_SWIFT_STANDARD_LIBRARIES = YES;
				BUNDLE_LOADER = "$(TEST_HOST)";
				CODE_SIGN_STYLE = Automatic;
				INFOPLIST_FILE = MyAlbumTests/Info.plist;
				IPHONEOS_DEPLOYMENT_TARGET = 14.4;
				LD_RUNPATH_SEARCH_PATHS = (
					"$(inherited)",
					"@executable_path/Frameworks",
					"@loader_path/Frameworks",
				);
				PRODUCT_BUNDLE_IDENTIFIER = com.jihwan.MyAlbumTests;
				PRODUCT_NAME = "$(TARGET_NAME)";
				SWIFT_VERSION = 5.0;
				TARGETED_DEVICE_FAMILY = "1,2";
				TEST_HOST = "$(BUILT_PRODUCTS_DIR)/MyAlbum.app/MyAlbum";
			};
			name = Debug;
		};
		B972344327159B1700CFBA85 /* Release */ = {
			isa = XCBuildConfiguration;
			buildSettings = {
				ALWAYS_EMBED_SWIFT_STANDARD_LIBRARIES = YES;
				BUNDLE_LOADER = "$(TEST_HOST)";
				CODE_SIGN_STYLE = Automatic;
				INFOPLIST_FILE = MyAlbumTests/Info.plist;
				IPHONEOS_DEPLOYMENT_TARGET = 14.4;
				LD_RUNPATH_SEARCH_PATHS = (
					"$(inherited)",
					"@executable_path/Frameworks",
					"@loader_path/Frameworks",
				);
				PRODUCT_BUNDLE_IDENTIFIER = com.jihwan.MyAlbumTests;
				PRODUCT_NAME = "$(TARGET_NAME)";
				SWIFT_VERSION = 5.0;
				TARGETED_DEVICE_FAMILY = "1,2";
				TEST_HOST = "$(BUILT_PRODUCTS_DIR)/MyAlbum.app/MyAlbum";
			};
			name = Release;
		};
		B972344527159B1700CFBA85 /* Debug */ = {
			isa = XCBuildConfiguration;
			buildSettings = {
				ALWAYS_EMBED_SWIFT_STANDARD_LIBRARIES = YES;
				CODE_SIGN_STYLE = Automatic;
				INFOPLIST_FILE = MyAlbumUITests/Info.plist;
				LD_RUNPATH_SEARCH_PATHS = (
					"$(inherited)",
					"@executable_path/Frameworks",
					"@loader_path/Frameworks",
				);
				PRODUCT_BUNDLE_IDENTIFIER = com.jihwan.MyAlbumUITests;
				PRODUCT_NAME = "$(TARGET_NAME)";
				SWIFT_VERSION = 5.0;
				TARGETED_DEVICE_FAMILY = "1,2";
				TEST_TARGET_NAME = MyAlbum;
			};
			name = Debug;
		};
		B972344627159B1700CFBA85 /* Release */ = {
			isa = XCBuildConfiguration;
			buildSettings = {
				ALWAYS_EMBED_SWIFT_STANDARD_LIBRARIES = YES;
				CODE_SIGN_STYLE = Automatic;
				INFOPLIST_FILE = MyAlbumUITests/Info.plist;
				LD_RUNPATH_SEARCH_PATHS = (
					"$(inherited)",
					"@executable_path/Frameworks",
					"@loader_path/Frameworks",
				);
				PRODUCT_BUNDLE_IDENTIFIER = com.jihwan.MyAlbumUITests;
				PRODUCT_NAME = "$(TARGET_NAME)";
				SWIFT_VERSION = 5.0;
				TARGETED_DEVICE_FAMILY = "1,2";
				TEST_TARGET_NAME = MyAlbum;
			};
			name = Release;
		};
/* End XCBuildConfiguration section */

/* Begin XCConfigurationList section */
		B972340C27159B0600CFBA85 /* Build configuration list for PBXProject "MyAlbum" */ = {
			isa = XCConfigurationList;
			buildConfigurations = (
				B972343C27159B1700CFBA85 /* Debug */,
				B972343D27159B1700CFBA85 /* Release */,
			);
			defaultConfigurationIsVisible = 0;
			defaultConfigurationName = Release;
		};
		B972343E27159B1700CFBA85 /* Build configuration list for PBXNativeTarget "MyAlbum" */ = {
			isa = XCConfigurationList;
			buildConfigurations = (
				B972343F27159B1700CFBA85 /* Debug */,
				B972344027159B1700CFBA85 /* Release */,
			);
			defaultConfigurationIsVisible = 0;
			defaultConfigurationName = Release;
		};
		B972344127159B1700CFBA85 /* Build configuration list for PBXNativeTarget "MyAlbumTests" */ = {
			isa = XCConfigurationList;
			buildConfigurations = (
				B972344227159B1700CFBA85 /* Debug */,
				B972344327159B1700CFBA85 /* Release */,
			);
			defaultConfigurationIsVisible = 0;
			defaultConfigurationName = Release;
		};
		B972344427159B1700CFBA85 /* Build configuration list for PBXNativeTarget "MyAlbumUITests" */ = {
			isa = XCConfigurationList;
			buildConfigurations = (
				B972344527159B1700CFBA85 /* Debug */,
				B972344627159B1700CFBA85 /* Release */,
			);
			defaultConfigurationIsVisible = 0;
			defaultConfigurationName = Release;
		};
/* End XCConfigurationList section */

/* Begin XCVersionGroup section */
		B972341D27159B0700CFBA85 /* MyAlbum.xcdatamodeld */ = {
			isa = XCVersionGroup;
			children = (
				B972341E27159B0700CFBA85 /* MyAlbum.xcdatamodel */,
			);
			currentVersion = B972341E27159B0700CFBA85 /* MyAlbum.xcdatamodel */;
			path = MyAlbum.xcdatamodeld;
			sourceTree = "<group>";
			versionGroupType = wrapper.xcdatamodel;
		};
/* End XCVersionGroup section */
	};
	rootObject = B972340927159B0600CFBA85 /* Project object */;
}
